
Microsoft Visual Studio Solution File, Format Version 12.00
# Visual Studio Version 16
VisualStudioVersion = 16.0.31515.178
MinimumVisualStudioVersion = 10.0.40219.1
Project("{FAE04EC0-301F-11D3-BF4B-00C04F79EFBC}") = "GameLibrary", "GameLibrary.csproj", "{A49E9D47-5379-434F-B7C1-6A99595248B8}"
EndProject
Global
	GlobalSection(SolutionConfigurationPlatforms) = preSolution
		Debug|Any CPU = Debug|Any CPU
		Release|Any CPU = Release|Any CPU
	EndGlobalSection
	GlobalSection(ProjectConfigurationPlatforms) = postSolution
		{A49E9D47-5379-434F-B7C1-6A99595248B8}.Debug|Any CPU.ActiveCfg = Debug|Any CPU
		{A49E9D47-5379-434F-B7C1-6A99595248B8}.Debug|Any CPU.Build.0 = Debug|Any CPU
		{A49E9D47-5379-434F-B7C1-6A99595248B8}.Release|Any CPU.ActiveCfg = Release|Any CPU
		{A49E9D47-5379-434F-B7C1-6A99595248B8}.Release|Any CPU.Build.0 = Release|Any CPU
	EndGlobalSection
	GlobalSection(SolutionProperties) = preSolution
		HideSolutionNode = FALSE
	EndGlobalSection
	GlobalSection(ExtensibilityGlobals) = postSolution
		SolutionGuid = {690343DA-FCF0-4947-9467-638C2679F809}
	EndGlobalSection
EndGlobal
